
Microsoft Visual Studio Solution File, Format Version 12.00
# Visual Studio Version 17
VisualStudioVersion = 17.14.36301.6 d17.14
MinimumVisualStudioVersion = 10.0.40219.1
Project("{FAE04EC0-301F-11D3-BF4B-00C04F79EFBC}") = "RestaurantWebApi", "RestaurantWebApi.csproj", "{7FD60CF1-C34B-4E19-9AE6-84325733C67E}"
EndProject
Project("{FAE04EC0-301F-11D3-BF4B-00C04F79EFBC}") = "DataAccessLayer", "..\DataAccessLayer\DataAccessLayer.csproj", "{FEF805F6-F1A7-4E9E-95D4-BFD953FC22A4}"
EndProject
Project("{FAE04EC0-301F-11D3-BF4B-00C04F79EFBC}") = "BusinessLayer", "..\BusinessLayer\BusinessLayer.csproj", "{5A769A5E-1738-45A4-BADF-8C33676C4899}"
EndProject
Global
	GlobalSection(SolutionConfigurationPlatforms) = preSolution
		Debug|Any CPU = Debug|Any CPU
		Release|Any CPU = Release|Any CPU
	EndGlobalSection
	GlobalSection(ProjectConfigurationPlatforms) = postSolution
		{7FD60CF1-C34B-4E19-9AE6-84325733C67E}.Debug|Any CPU.ActiveCfg = Debug|Any CPU
		{7FD60CF1-C34B-4E19-9AE6-84325733C67E}.Debug|Any CPU.Build.0 = Debug|Any CPU
		{7FD60CF1-C34B-4E19-9AE6-84325733C67E}.Release|Any CPU.ActiveCfg = Release|Any CPU
		{7FD60CF1-C34B-4E19-9AE6-84325733C67E}.Release|Any CPU.Build.0 = Release|Any CPU
		{FEF805F6-F1A7-4E9E-95D4-BFD953FC22A4}.Debug|Any CPU.ActiveCfg = Debug|Any CPU
		{FEF805F6-F1A7-4E9E-95D4-BFD953FC22A4}.Debug|Any CPU.Build.0 = Debug|Any CPU
		{FEF805F6-F1A7-4E9E-95D4-BFD953FC22A4}.Release|Any CPU.ActiveCfg = Release|Any CPU
		{FEF805F6-F1A7-4E9E-95D4-BFD953FC22A4}.Release|Any CPU.Build.0 = Release|Any CPU
		{5A769A5E-1738-45A4-BADF-8C33676C4899}.Debug|Any CPU.ActiveCfg = Debug|Any CPU
		{5A769A5E-1738-45A4-BADF-8C33676C4899}.Debug|Any CPU.Build.0 = Debug|Any CPU
		{5A769A5E-1738-45A4-BADF-8C33676C4899}.Release|Any CPU.ActiveCfg = Release|Any CPU
		{5A769A5E-1738-45A4-BADF-8C33676C4899}.Release|Any CPU.Build.0 = Release|Any CPU
	EndGlobalSection
	GlobalSection(SolutionProperties) = preSolution
		HideSolutionNode = FALSE
	EndGlobalSection
	GlobalSection(ExtensibilityGlobals) = postSolution
		SolutionGuid = {38A8EC03-0B6F-47E0-BE58-C372274467DC}
	EndGlobalSection
EndGlobal
